{
  "format": "sphinx-lock-1",
  "orgId": "ryan-org",
  "projects": {
    "Sphinx-Website-Test-DifferentOwnerProposerTest": {
      "projectId": "",
      "projectName": "Sphinx-Website-Test-DifferentOwnerProposerTest",
      "defaultSafe": {
        "safeName": "Sphinx-Website-Test-DifferentOwnerProposerTest",
        "owners": [
          "0xf39Fd6e51aad88F6F4ce6aB8827279cffFb92266"
        ],
        "threshold": "1",
        "saltNonce": "0"
      }
    },
    "Sphinx-Website-Test-EOAOwnerTest": {
      "projectId": "",
      "projectName": "Sphinx-Website-Test-EOAOwnerTest",
      "defaultSafe": {
        "safeName": "Sphinx-Website-Test-EOAOwnerTest",
        "owners": [
          "0xf39Fd6e51aad88F6F4ce6aB8827279cffFb92266"
        ],
        "threshold": "1",
        "saltNonce": "1"
      }
    },
    "Sphinx-Website-Test-AirdropConfig": {
      "projectId": "",
      "projectName": "Sphinx-Website-Test-AirdropConfig",
      "defaultSafe": {
        "safeName": "Sphinx-Website-Test-AirdropConfig",
        "owners": [
          "0xf39Fd6e51aad88F6F4ce6aB8827279cffFb92266"
        ],
        "threshold": "1",
        "saltNonce": "2"
      }
    },
    "Sphinx-Website-Test-AirdropConfig": {
      "projectId": "",
      "projectName": "Sphinx-Website-Test-AirdropConfig",
      "defaultSafe": {
        "safeName": "Sphinx-Website-Test-AirdropConfig",
        "owners": [
          "0xf39Fd6e51aad88F6F4ce6aB8827279cffFb92266"
        ],
        "threshold": "1",
        "saltNonce": "2"
      }
    },
    "Sphinx-Website-Test-MultiSigOwnerProposerTest": {
      "projectId": "",
      "projectName": "Sphinx-Website-Test-MultiSigOwnerProposerTest",
      "defaultSafe": {
        "safeName": "Sphinx-Website-Test-MultiSigOwnerProposerTest",
        "owners": [
          "0xf39Fd6e51aad88F6F4ce6aB8827279cffFb92266",
          "0x70997970C51812dc3A010C7d01b50e0d17dc79C8",
          "0x3C44CdDdB6a900fa2b585dd299e03d12FA4293BC"
        ],
        "threshold": "2",
        "saltNonce": "0"
      }
    },
    "Sphinx-Website-Test-MultiSigOwnerWithDifferentProposerTest": {
      "projectId": "",
      "projectName": "Sphinx-Website-Test-MultiSigOwnerWithDifferentProposerTest",
      "defaultSafe": {
        "safeName": "Sphinx-Website-Test-MultiSigOwnerWithDifferentProposerTest",
        "owners": [
          "0xf39Fd6e51aad88F6F4ce6aB8827279cffFb92266",
          "0x70997970C51812dc3A010C7d01b50e0d17dc79C8",
          "0x3C44CdDdB6a900fa2b585dd299e03d12FA4293BC"
        ],
        "threshold": "2",
        "saltNonce": "1"
      }
    },
    "Sphinx-Website-Test-CancelTest": {
      "projectId": "",
      "projectName": "Sphinx-Website-Test-CancelTest",
      "defaultSafe": {
        "safeName": "Sphinx-Website-Test-CancelTest",
        "owners": [
          "0xf39Fd6e51aad88F6F4ce6aB8827279cffFb92266"
        ],
        "threshold": "1",
        "saltNonce": "3"
      }
    },
    "Sphinx-Website-Test-SimultaneousProposalTest": {
      "projectId": "",
      "projectName": "Sphinx-Website-Test-SimultaneousProposalTest",
      "defaultSafe": {
        "safeName": "Sphinx-Website-Test-SimultaneousProposalTest",
        "owners": [
          "0xf39Fd6e51aad88F6F4ce6aB8827279cffFb92266"
        ],
        "threshold": "1",
        "saltNonce": "4"
      }
    },
    "Sphinx-Website-Test-ReproposeTest": {
      "projectId": "",
      "projectName": "Sphinx-Website-Test-ReproposeTest",
      "defaultSafe": {
        "safeName": "Sphinx-Website-Test-ReproposeTest",
        "owners": [
          "0xf39Fd6e51aad88F6F4ce6aB8827279cffFb92266"
        ],
        "threshold": "1",
        "saltNonce": "5"
      }
    },
    "Sphinx-Website-Test-PostDeploymentTest": {
      "projectId": "",
      "projectName": "Sphinx-Website-Test-PostDeploymentTest",
      "defaultSafe": {
        "safeName": "Sphinx-Website-Test-PostDeploymentTest",
        "owners": [
          "0xf39Fd6e51aad88F6F4ce6aB8827279cffFb92266"
        ],
        "threshold": "1",
        "saltNonce": "6"
      }
    },
    "Sphinx-Website-Test-PostDeploymentFailureTest": {
      "projectId": "",
      "projectName": "Sphinx-Website-Test-PostDeploymentFailureTest",
      "defaultSafe": {
        "safeName": "Sphinx-Website-Test-PostDeploymentFailureTest",
        "owners": [
          "0xf39Fd6e51aad88F6F4ce6aB8827279cffFb92266"
        ],
        "threshold": "1",
        "saltNonce": "7"
      }
    },
    "Sphinx-Website-Test-ContractDeploymentFailureTest": {
      "projectId": "",
      "projectName": "Sphinx-Website-Test-ContractDeploymentFailureTest",
      "defaultSafe": {
        "safeName": "Sphinx-Website-Test-ContractDeploymentFailureTest",
        "owners": [
          "0xf39Fd6e51aad88F6F4ce6aB8827279cffFb92266"
        ],
        "threshold": "1",
        "saltNonce": "8"
      }
    },
    "Sphinx-Website-Test-AssertProjectNotCurrentylExecutingConfig": {
      "projectId": "",
      "projectName": "Sphinx-Website-Test-AssertProjectNotCurrentylExecutingConfig",
      "defaultSafe": {
        "safeName": "Sphinx-Website-Test-AssertProjectNotCurrentylExecutingConfig",
        "owners": [
          "0xf39Fd6e51aad88F6F4ce6aB8827279cffFb92266"
        ],
        "threshold": "1",
        "saltNonce": "9"
      }
    }
  }
}
